{
  "lockfileVersion": 1,
  "configVersion": 0,
  "workspaces": {
    "": {
      "name": "rox-vci-agent",
      "dependencies": {
        "ws": "^8.18.0",
      },
    },
  },
  "packages": {
    "ws": ["ws@8.21.3", "https://europe-west1-npm.pkg.dev/lovable-core-prod/sandbox-npm-cache/ws/-/ws-8.21.3.tgz", { "peerDependencies": { "bufferutil": "^4.0.1", "utf-8-validate": ">=5.0.2" }, "optionalPeers": ["bufferutil", "utf-8-validate"] }, "sha512-201TZ/kPWxoPr/OKWjquZR1SWKXcvxdH+e1xrx89b3YbmzLMFCLfnaG1HFIgWzJOEWZ7MvpK++odZufgYR50Rw=="],
  }
}
